
Microsoft Visual Studio Solution File, Format Version 12.00
# Visual Studio Version 16
VisualStudioVersion = 16.0.30523.141
MinimumVisualStudioVersion = 10.0.40219.1
Project("{FAE04EC0-301F-11D3-BF4B-00C04F79EFBC}") = "XMLParser", "XMLParser.csproj", "{897E1808-6691-4BF4-AEF8-382398385160}"
EndProject
Global
	GlobalSection(SolutionConfigurationPlatforms) = preSolution
		Debug|Any CPU = Debug|Any CPU
		Release|Any CPU = Release|Any CPU
	EndGlobalSection
	GlobalSection(ProjectConfigurationPlatforms) = postSolution
		{897E1808-6691-4BF4-AEF8-382398385160}.Debug|Any CPU.ActiveCfg = Debug|Any CPU
		{897E1808-6691-4BF4-AEF8-382398385160}.Debug|Any CPU.Build.0 = Debug|Any CPU
		{897E1808-6691-4BF4-AEF8-382398385160}.Release|Any CPU.ActiveCfg = Release|Any CPU
		{897E1808-6691-4BF4-AEF8-382398385160}.Release|Any CPU.Build.0 = Release|Any CPU
	EndGlobalSection
	GlobalSection(SolutionProperties) = preSolution
		HideSolutionNode = FALSE
	EndGlobalSection
	GlobalSection(ExtensibilityGlobals) = postSolution
		SolutionGuid = {9EDD83C3-D380-496F-9E13-2876963270F2}
	EndGlobalSection
EndGlobal
